
Microsoft Visual Studio Solution File, Format Version 12.00
# Visual Studio Version 16
VisualStudioVersion = 16.0.31005.135
MinimumVisualStudioVersion = 10.0.40219.1
Project("{FAE04EC0-301F-11D3-BF4B-00C04F79EFBC}") = "SwordDamage_WPF", "SwordDamage_WPF.csproj", "{34478314-0189-4B00-8985-2FEBFAE07ACD}"
EndProject
Global
	GlobalSection(SolutionConfigurationPlatforms) = preSolution
		Debug|Any CPU = Debug|Any CPU
		Release|Any CPU = Release|Any CPU
	EndGlobalSection
	GlobalSection(ProjectConfigurationPlatforms) = postSolution
		{34478314-0189-4B00-8985-2FEBFAE07ACD}.Debug|Any CPU.ActiveCfg = Debug|Any CPU
		{34478314-0189-4B00-8985-2FEBFAE07ACD}.Debug|Any CPU.Build.0 = Debug|Any CPU
		{34478314-0189-4B00-8985-2FEBFAE07ACD}.Release|Any CPU.ActiveCfg = Release|Any CPU
		{34478314-0189-4B00-8985-2FEBFAE07ACD}.Release|Any CPU.Build.0 = Release|Any CPU
	EndGlobalSection
	GlobalSection(SolutionProperties) = preSolution
		HideSolutionNode = FALSE
	EndGlobalSection
	GlobalSection(ExtensibilityGlobals) = postSolution
		SolutionGuid = {F7E8550C-5AB6-483E-A92C-443D8062535D}
	EndGlobalSection
EndGlobal
